// !$*UTF8*$!
{
	archiveVersion = 1;
	classes = {
	};
	objectVersion = 55;
	objects = {

/* Begin PBXBuildFile section */
		4CD4ADD6BE78534797593089 /* Pods_HackathonTests.framework in Frameworks */ = {isa = PBXBuildFile; fileRef = 0C12CEED62D9903A117BFAE7 /* Pods_HackathonTests.framework */; };
		6B0663A3B890B884074F6680 /* Pods_Hackathon_HackathonUITests.framework in Frameworks */ = {isa = PBXBuildFile; fileRef = 3737708991A9A70CE13FCB35 /* Pods_Hackathon_HackathonUITests.framework */; };
		7A5423E86A901EB56B81A551 /* Pods_Hackathon.framework in Frameworks */ = {isa = PBXBuildFile; fileRef = BA150EAF080C5EA5EE2252DE /* Pods_Hackathon.framework */; };
		CD101841280B880700F8A4CE /* LoginViewController.swift in Sources */ = {isa = PBXBuildFile; fileRef = CD101840280B880700F8A4CE /* LoginViewController.swift */; };
		CD101843280B902900F8A4CE /* SignUpViewController.swift in Sources */ = {isa = PBXBuildFile; fileRef = CD101842280B902900F8A4CE /* SignUpViewController.swift */; };
		CD114308280B7DF40068947F /* HomePageController.swift in Sources */ = {isa = PBXBuildFile; fileRef = CD114307280B7DF40068947F /* HomePageController.swift */; };
		CD53D9CC280B7215008AF111 /* AppDelegate.swift in Sources */ = {isa = PBXBuildFile; fileRef = CD53D9CB280B7215008AF111 /* AppDelegate.swift */; };
		CD53D9CE280B7215008AF111 /* SceneDelegate.swift in Sources */ = {isa = PBXBuildFile; fileRef = CD53D9CD280B7215008AF111 /* SceneDelegate.swift */; };
		CD53D9D3280B7215008AF111 /* Main.storyboard in Resources */ = {isa = PBXBuildFile; fileRef = CD53D9D1280B7215008AF111 /* Main.storyboard */; };
		CD53D9D5280B7216008AF111 /* Assets.xcassets in Resources */ = {isa = PBXBuildFile; fileRef = CD53D9D4280B7216008AF111 /* Assets.xcassets */; };
		CD53D9D8280B7216008AF111 /* LaunchScreen.storyboard in Resources */ = {isa = PBXBuildFile; fileRef = CD53D9D6280B7216008AF111 /* LaunchScreen.storyboard */; };
		CD53D9E3280B7217008AF111 /* HackathonTests.swift in Sources */ = {isa = PBXBuildFile; fileRef = CD53D9E2280B7217008AF111 /* HackathonTests.swift */; };
		CD53D9ED280B7217008AF111 /* HackathonUITests.swift in Sources */ = {isa = PBXBuildFile; fileRef = CD53D9EC280B7217008AF111 /* HackathonUITests.swift */; };
		CD53D9EF280B7217008AF111 /* HackathonUITestsLaunchTests.swift in Sources */ = {isa = PBXBuildFile; fileRef = CD53D9EE280B7217008AF111 /* HackathonUITestsLaunchTests.swift */; };
/* End PBXBuildFile section */

/* Begin PBXContainerItemProxy section */
		CD53D9DF280B7217008AF111 /* PBXContainerItemProxy */ = {
			isa = PBXContainerItemProxy;
			containerPortal = CD53D9C0280B7214008AF111 /* Project object */;
			proxyType = 1;
			remoteGlobalIDString = CD53D9C7280B7215008AF111;
			remoteInfo = Hackathon;
		};
		CD53D9E9280B7217008AF111 /* PBXContainerItemProxy */ = {
			isa = PBXContainerItemProxy;
			containerPortal = CD53D9C0280B7214008AF111 /* Project object */;
			proxyType = 1;
			remoteGlobalIDString = CD53D9C7280B7215008AF111;
			remoteInfo = Hackathon;
		};
/* End PBXContainerItemProxy section */

/* Begin PBXFileReference section */
		09631994430F3A8C0442B9FC /* Pods-Hackathon.release.xcconfig */ = {isa = PBXFileReference; includeInIndex = 1; lastKnownFileType = text.xcconfig; name = "Pods-Hackathon.release.xcconfig"; path = "Target Support Files/Pods-Hackathon/Pods-Hackathon.release.xcconfig"; sourceTree = "<group>"; };
		0A95FBAF155F20183D57685B /* Pods-HackathonTests.debug.xcconfig */ = {isa = PBXFileReference; includeInIndex = 1; lastKnownFileType = text.xcconfig; name = "Pods-HackathonTests.debug.xcconfig"; path = "Target Support Files/Pods-HackathonTests/Pods-HackathonTests.debug.xcconfig"; sourceTree = "<group>"; };
		0C12CEED62D9903A117BFAE7 /* Pods_HackathonTests.framework */ = {isa = PBXFileReference; explicitFileType = wrapper.framework; includeInIndex = 0; path = Pods_HackathonTests.framework; sourceTree = BUILT_PRODUCTS_DIR; };
		3737708991A9A70CE13FCB35 /* Pods_Hackathon_HackathonUITests.framework */ = {isa = PBXFileReference; explicitFileType = wrapper.framework; includeInIndex = 0; path = Pods_Hackathon_HackathonUITests.framework; sourceTree = BUILT_PRODUCTS_DIR; };
		66638A9FDE05F377BE356BC4 /* Pods-HackathonTests.release.xcconfig */ = {isa = PBXFileReference; includeInIndex = 1; lastKnownFileType = text.xcconfig; name = "Pods-HackathonTests.release.xcconfig"; path = "Target Support Files/Pods-HackathonTests/Pods-HackathonTests.release.xcconfig"; sourceTree = "<group>"; };
		9723492323039840127E3F6A /* Pods-Hackathon-HackathonUITests.debug.xcconfig */ = {isa = PBXFileReference; includeInIndex = 1; lastKnownFileType = text.xcconfig; name = "Pods-Hackathon-HackathonUITests.debug.xcconfig"; path = "Target Support Files/Pods-Hackathon-HackathonUITests/Pods-Hackathon-HackathonUITests.debug.xcconfig"; sourceTree = "<group>"; };
		9FF7E28B0135676EAD4146BA /* Pods-Hackathon-HackathonUITests.release.xcconfig */ = {isa = PBXFileReference; includeInIndex = 1; lastKnownFileType = text.xcconfig; name = "Pods-Hackathon-HackathonUITests.release.xcconfig"; path = "Target Support Files/Pods-Hackathon-HackathonUITests/Pods-Hackathon-HackathonUITests.release.xcconfig"; sourceTree = "<group>"; };
		BA150EAF080C5EA5EE2252DE /* Pods_Hackathon.framework */ = {isa = PBXFileReference; explicitFileType = wrapper.framework; includeInIndex = 0; path = Pods_Hackathon.framework; sourceTree = BUILT_PRODUCTS_DIR; };
		CD101840280B880700F8A4CE /* LoginViewController.swift */ = {isa = PBXFileReference; lastKnownFileType = sourcecode.swift; path = LoginViewController.swift; sourceTree = "<group>"; };
		CD101842280B902900F8A4CE /* SignUpViewController.swift */ = {isa = PBXFileReference; lastKnownFileType = sourcecode.swift; path = SignUpViewController.swift; sourceTree = "<group>"; };
		CD114307280B7DF40068947F /* HomePageController.swift */ = {isa = PBXFileReference; lastKnownFileType = sourcecode.swift; path = HomePageController.swift; sourceTree = "<group>"; };
		CD53D9C8280B7215008AF111 /* Hackathon.app */ = {isa = PBXFileReference; explicitFileType = wrapper.application; includeInIndex = 0; path = Hackathon.app; sourceTree = BUILT_PRODUCTS_DIR; };
		CD53D9CB280B7215008AF111 /* AppDelegate.swift */ = {isa = PBXFileReference; lastKnownFileType = sourcecode.swift; path = AppDelegate.swift; sourceTree = "<group>"; };
		CD53D9CD280B7215008AF111 /* SceneDelegate.swift */ = {isa = PBXFileReference; lastKnownFileType = sourcecode.swift; path = SceneDelegate.swift; sourceTree = "<group>"; };
		CD53D9D2280B7215008AF111 /* Base */ = {isa = PBXFileReference; lastKnownFileType = file.storyboard; name = Base; path = Base.lproj/Main.storyboard; sourceTree = "<group>"; };
		CD53D9D4280B7216008AF111 /* Assets.xcassets */ = {isa = PBXFileReference; lastKnownFileType = folder.assetcatalog; path = Assets.xcassets; sourceTree = "<group>"; };
		CD53D9D7280B7216008AF111 /* Base */ = {isa = PBXFileReference; lastKnownFileType = file.storyboard; name = Base; path = Base.lproj/LaunchScreen.storyboard; sourceTree = "<group>"; };
		CD53D9D9280B7216008AF111 /* Info.plist */ = {isa = PBXFileReference; lastKnownFileType = text.plist.xml; path = Info.plist; sourceTree = "<group>"; };
		CD53D9DE280B7217008AF111 /* HackathonTests.xctest */ = {isa = PBXFileReference; explicitFileType = wrapper.cfbundle; includeInIndex = 0; path = HackathonTests.xctest; sourceTree = BUILT_PRODUCTS_DIR; };
		CD53D9E2280B7217008AF111 /* HackathonTests.swift */ = {isa = PBXFileReference; lastKnownFileType = sourcecode.swift; path = HackathonTests.swift; sourceTree = "<group>"; };
		CD53D9E8280B7217008AF111 /* HackathonUITests.xctest */ = {isa = PBXFileReference; explicitFileType = wrapper.cfbundle; includeInIndex = 0; path = HackathonUITests.xctest; sourceTree = BUILT_PRODUCTS_DIR; };
		CD53D9EC280B7217008AF111 /* HackathonUITests.swift */ = {isa = PBXFileReference; lastKnownFileType = sourcecode.swift; path = HackathonUITests.swift; sourceTree = "<group>"; };
		CD53D9EE280B7217008AF111 /* HackathonUITestsLaunchTests.swift */ = {isa = PBXFileReference; lastKnownFileType = sourcecode.swift; path = HackathonUITestsLaunchTests.swift; sourceTree = "<group>"; };
		CDCB29B1D82E8685C4ACB783 /* Pods-Hackathon.debug.xcconfig */ = {isa = PBXFileReference; includeInIndex = 1; lastKnownFileType = text.xcconfig; name = "Pods-Hackathon.debug.xcconfig"; path = "Target Support Files/Pods-Hackathon/Pods-Hackathon.debug.xcconfig"; sourceTree = "<group>"; };
/* End PBXFileReference section */

/* Begin PBXFrameworksBuildPhase section */
		CD53D9C5280B7215008AF111 /* Frameworks */ = {
			isa = PBXFrameworksBuildPhase;
			buildActionMask = 2147483647;
			files = (
				7A5423E86A901EB56B81A551 /* Pods_Hackathon.framework in Frameworks */,
			);
			runOnlyForDeploymentPostprocessing = 0;
		};
		CD53D9DB280B7217008AF111 /* Frameworks */ = {
			isa = PBXFrameworksBuildPhase;
			buildActionMask = 2147483647;
			files = (
				4CD4ADD6BE78534797593089 /* Pods_HackathonTests.framework in Frameworks */,
			);
			runOnlyForDeploymentPostprocessing = 0;
		};
		CD53D9E5280B7217008AF111 /* Frameworks */ = {
			isa = PBXFrameworksBuildPhase;
			buildActionMask = 2147483647;
			files = (
				6B0663A3B890B884074F6680 /* Pods_Hackathon_HackathonUITests.framework in Frameworks */,
			);
			runOnlyForDeploymentPostprocessing = 0;
		};
/* End PBXFrameworksBuildPhase section */

/* Begin PBXGroup section */
		B5BC52C0316517BF71B454F5 /* Pods */ = {
			isa = PBXGroup;
			children = (
				CDCB29B1D82E8685C4ACB783 /* Pods-Hackathon.debug.xcconfig */,
				09631994430F3A8C0442B9FC /* Pods-Hackathon.release.xcconfig */,
				9723492323039840127E3F6A /* Pods-Hackathon-HackathonUITests.debug.xcconfig */,
				9FF7E28B0135676EAD4146BA /* Pods-Hackathon-HackathonUITests.release.xcconfig */,
				0A95FBAF155F20183D57685B /* Pods-HackathonTests.debug.xcconfig */,
				66638A9FDE05F377BE356BC4 /* Pods-HackathonTests.release.xcconfig */,
			);
			path = Pods;
			sourceTree = "<group>";
		};
		CD53D9BF280B7214008AF111 = {
			isa = PBXGroup;
			children = (
				CD53D9CA280B7215008AF111 /* Hackathon */,
				CD53D9E1280B7217008AF111 /* HackathonTests */,
				CD53D9EB280B7217008AF111 /* HackathonUITests */,
				CD53D9C9280B7215008AF111 /* Products */,
				B5BC52C0316517BF71B454F5 /* Pods */,
				E044A52330A73CBD8F9D09CA /* Frameworks */,
			);
			sourceTree = "<group>";
		};
		CD53D9C9280B7215008AF111 /* Products */ = {
			isa = PBXGroup;
			children = (
				CD53D9C8280B7215008AF111 /* Hackathon.app */,
				CD53D9DE280B7217008AF111 /* HackathonTests.xctest */,
				CD53D9E8280B7217008AF111 /* HackathonUITests.xctest */,
			);
			name = Products;
			sourceTree = "<group>";
		};
		CD53D9CA280B7215008AF111 /* Hackathon */ = {
			isa = PBXGroup;
			children = (
				CD53D9FE280B77CF008AF111 /* Storyboard */,
				CD53D9FD280B77BA008AF111 /* Controller */,
				CD53D9FC280B77B0008AF111 /* Views */,
				CD53D9FB280B77AB008AF111 /* Model */,
				CD53D9CB280B7215008AF111 /* AppDelegate.swift */,
				CD53D9CD280B7215008AF111 /* SceneDelegate.swift */,
				CD53D9D4280B7216008AF111 /* Assets.xcassets */,
				CD53D9D9280B7216008AF111 /* Info.plist */,
			);
			path = Hackathon;
			sourceTree = "<group>";
		};
		CD53D9E1280B7217008AF111 /* HackathonTests */ = {
			isa = PBXGroup;
			children = (
				CD53D9E2280B7217008AF111 /* HackathonTests.swift */,
			);
			path = HackathonTests;
			sourceTree = "<group>";
		};
		CD53D9EB280B7217008AF111 /* HackathonUITests */ = {
			isa = PBXGroup;
			children = (
				CD53D9EC280B7217008AF111 /* HackathonUITests.swift */,
				CD53D9EE280B7217008AF111 /* HackathonUITestsLaunchTests.swift */,
			);
			path = HackathonUITests;
			sourceTree = "<group>";
		};
		CD53D9FB280B77AB008AF111 /* Model */ = {
			isa = PBXGroup;
			children = (
			);
			path = Model;
			sourceTree = "<group>";
		};
		CD53D9FC280B77B0008AF111 /* Views */ = {
			isa = PBXGroup;
			children = (
			);
			path = Views;
			sourceTree = "<group>";
		};
		CD53D9FD280B77BA008AF111 /* Controller */ = {
			isa = PBXGroup;
			children = (
				CD114307280B7DF40068947F /* HomePageController.swift */,
				CD101840280B880700F8A4CE /* LoginViewController.swift */,
				CD101842280B902900F8A4CE /* SignUpViewController.swift */,
			);
			path = Controller;
			sourceTree = "<group>";
		};
		CD53D9FE280B77CF008AF111 /* Storyboard */ = {
			isa = PBXGroup;
			children = (
				CD53D9D6280B7216008AF111 /* LaunchScreen.storyboard */,
				CD53D9D1280B7215008AF111 /* Main.storyboard */,
			);
			path = Storyboard;
			sourceTree = "<group>";
		};
		E044A52330A73CBD8F9D09CA /* Frameworks */ = {
			isa = PBXGroup;
			children = (
				BA150EAF080C5EA5EE2252DE /* Pods_Hackathon.framework */,
				3737708991A9A70CE13FCB35 /* Pods_Hackathon_HackathonUITests.framework */,
				0C12CEED62D9903A117BFAE7 /* Pods_HackathonTests.framework */,
			);
			name = Frameworks;
			sourceTree = "<group>";
		};
/* End PBXGroup section */

/* Begin PBXNativeTarget section */
		CD53D9C7280B7215008AF111 /* Hackathon */ = {
			isa = PBXNativeTarget;
			buildConfigurationList = CD53D9F2280B7217008AF111 /* Build configuration list for PBXNativeTarget "Hackathon" */;
			buildPhases = (
				C6CFD87EF1F4176A56AF144E /* [CP] Check Pods Manifest.lock */,
				CD53D9C4280B7215008AF111 /* Sources */,
				CD53D9C5280B7215008AF111 /* Frameworks */,
				CD53D9C6280B7215008AF111 /* Resources */,
				9449819DDFB83FF0F20BB83B /* [CP] Embed Pods Frameworks */,
			);
			buildRules = (
			);
			dependencies = (
			);
			name = Hackathon;
			productName = Hackathon;
			productReference = CD53D9C8280B7215008AF111 /* Hackathon.app */;
			productType = "com.apple.product-type.application";
		};
		CD53D9DD280B7217008AF111 /* HackathonTests */ = {
			isa = PBXNativeTarget;
			buildConfigurationList = CD53D9F5280B7217008AF111 /* Build configuration list for PBXNativeTarget "HackathonTests" */;
			buildPhases = (
				7EDCB12847C425EDF9966789 /* [CP] Check Pods Manifest.lock */,
				CD53D9DA280B7217008AF111 /* Sources */,
				CD53D9DB280B7217008AF111 /* Frameworks */,
				CD53D9DC280B7217008AF111 /* Resources */,
			);
			buildRules = (
			);
			dependencies = (
				CD53D9E0280B7217008AF111 /* PBXTargetDependency */,
			);
			name = HackathonTests;
			productName = HackathonTests;
			productReference = CD53D9DE280B7217008AF111 /* HackathonTests.xctest */;
			productType = "com.apple.product-type.bundle.unit-test";
		};
		CD53D9E7280B7217008AF111 /* HackathonUITests */ = {
			isa = PBXNativeTarget;
			buildConfigurationList = CD53D9F8280B7217008AF111 /* Build configuration list for PBXNativeTarget "HackathonUITests" */;
			buildPhases = (
				B9C63CA490D25C72291B3DEB /* [CP] Check Pods Manifest.lock */,
				CD53D9E4280B7217008AF111 /* Sources */,
				CD53D9E5280B7217008AF111 /* Frameworks */,
				CD53D9E6280B7217008AF111 /* Resources */,
				DF2E45BBD6018DED6C1734DE /* [CP] Embed Pods Frameworks */,
			);
			buildRules = (
			);
			dependencies = (
				CD53D9EA280B7217008AF111 /* PBXTargetDependency */,
			);
			name = HackathonUITests;
			productName = HackathonUITests;
			productReference = CD53D9E8280B7217008AF111 /* HackathonUITests.xctest */;
			productType = "com.apple.product-type.bundle.ui-testing";
		};
/* End PBXNativeTarget section */

/* Begin PBXProject section */
		CD53D9C0280B7214008AF111 /* Project object */ = {
			isa = PBXProject;
			attributes = {
				BuildIndependentTargetsInParallel = 1;
				LastSwiftUpdateCheck = 1330;
				LastUpgradeCheck = 1330;
				TargetAttributes = {
					CD53D9C7280B7215008AF111 = {
						CreatedOnToolsVersion = 13.3;
					};
					CD53D9DD280B7217008AF111 = {
						CreatedOnToolsVersion = 13.3;
						TestTargetID = CD53D9C7280B7215008AF111;
					};
					CD53D9E7280B7217008AF111 = {
						CreatedOnToolsVersion = 13.3;
						TestTargetID = CD53D9C7280B7215008AF111;
					};
				};
			};
			buildConfigurationList = CD53D9C3280B7214008AF111 /* Build configuration list for PBXProject "Hackathon" */;
			compatibilityVersion = "Xcode 13.0";
			developmentRegion = en;
			hasScannedForEncodings = 0;
			knownRegions = (
				en,
				Base,
			);
			mainGroup = CD53D9BF280B7214008AF111;
			productRefGroup = CD53D9C9280B7215008AF111 /* Products */;
			projectDirPath = "";
			projectRoot = "";
			targets = (
				CD53D9C7280B7215008AF111 /* Hackathon */,
				CD53D9DD280B7217008AF111 /* HackathonTests */,
				CD53D9E7280B7217008AF111 /* HackathonUITests */,
			);
		};
/* End PBXProject section */

/* Begin PBXResourcesBuildPhase section */
		CD53D9C6280B7215008AF111 /* Resources */ = {
			isa = PBXResourcesBuildPhase;
			buildActionMask = 2147483647;
			files = (
				CD53D9D8280B7216008AF111 /* LaunchScreen.storyboard in Resources */,
				CD53D9D5280B7216008AF111 /* Assets.xcassets in Resources */,
				CD53D9D3280B7215008AF111 /* Main.storyboard in Resources */,
			);
			runOnlyForDeploymentPostprocessing = 0;
		};
		CD53D9DC280B7217008AF111 /* Resources */ = {
			isa = PBXResourcesBuildPhase;
			buildActionMask = 2147483647;
			files = (
			);
			runOnlyForDeploymentPostprocessing = 0;
		};
		CD53D9E6280B7217008AF111 /* Resources */ = {
			isa = PBXResourcesBuildPhase;
			buildActionMask = 2147483647;
			files = (
			);
			runOnlyForDeploymentPostprocessing = 0;
		};
/* End PBXResourcesBuildPhase section */

/* Begin PBXShellScriptBuildPhase section */
		7EDCB12847C425EDF9966789 /* [CP] Check Pods Manifest.lock */ = {
			isa = PBXShellScriptBuildPhase;
			buildActionMask = 2147483647;
			files = (
			);
			inputFileListPaths = (
			);
			inputPaths = (
				"${PODS_PODFILE_DIR_PATH}/Podfile.lock",
				"${PODS_ROOT}/Manifest.lock",
			);
			name = "[CP] Check Pods Manifest.lock";
			outputFileListPaths = (
			);
			outputPaths = (
				"$(DERIVED_FILE_DIR)/Pods-HackathonTests-checkManifestLockResult.txt",
			);
			runOnlyForDeploymentPostprocessing = 0;
			shellPath = /bin/sh;
			shellScript = "diff \"${PODS_PODFILE_DIR_PATH}/Podfile.lock\" \"${PODS_ROOT}/Manifest.lock\" > /dev/null\nif [ $? != 0 ] ; then\n    # print error to STDERR\n    echo \"error: The sandbox is not in sync with the Podfile.lock. Run 'pod install' or update your CocoaPods installation.\" >&2\n    exit 1\nfi\n# This output is used by Xcode 'outputs' to avoid re-running this script phase.\necho \"SUCCESS\" > \"${SCRIPT_OUTPUT_FILE_0}\"\n";
			showEnvVarsInLog = 0;
		};
		9449819DDFB83FF0F20BB83B /* [CP] Embed Pods Frameworks */ = {
			isa = PBXShellScriptBuildPhase;
			buildActionMask = 2147483647;
			files = (
			);
			inputFileListPaths = (
				"${PODS_ROOT}/Target Support Files/Pods-Hackathon/Pods-Hackathon-frameworks-${CONFIGURATION}-input-files.xcfilelist",
			);
			name = "[CP] Embed Pods Frameworks";
			outputFileListPaths = (
				"${PODS_ROOT}/Target Support Files/Pods-Hackathon/Pods-Hackathon-frameworks-${CONFIGURATION}-output-files.xcfilelist",
			);
			runOnlyForDeploymentPostprocessing = 0;
			shellPath = /bin/sh;
			shellScript = "\"${PODS_ROOT}/Target Support Files/Pods-Hackathon/Pods-Hackathon-frameworks.sh\"\n";
			showEnvVarsInLog = 0;
		};
		B9C63CA490D25C72291B3DEB /* [CP] Check Pods Manifest.lock */ = {
			isa = PBXShellScriptBuildPhase;
			buildActionMask = 2147483647;
			files = (
			);
			inputFileListPaths = (
			);
			inputPaths = (
				"${PODS_PODFILE_DIR_PATH}/Podfile.lock",
				"${PODS_ROOT}/Manifest.lock",
			);
			name = "[CP] Check Pods Manifest.lock";
			outputFileListPaths = (
			);
			outputPaths = (
				"$(DERIVED_FILE_DIR)/Pods-Hackathon-HackathonUITests-checkManifestLockResult.txt",
			);
			runOnlyForDeploymentPostprocessing = 0;
			shellPath = /bin/sh;
			shellScript = "diff \"${PODS_PODFILE_DIR_PATH}/Podfile.lock\" \"${PODS_ROOT}/Manifest.lock\" > /dev/null\nif [ $? != 0 ] ; then\n    # print error to STDERR\n    echo \"error: The sandbox is not in sync with the Podfile.lock. Run 'pod install' or update your CocoaPods installation.\" >&2\n    exit 1\nfi\n# This output is used by Xcode 'outputs' to avoid re-running this script phase.\necho \"SUCCESS\" > \"${SCRIPT_OUTPUT_FILE_0}\"\n";
			showEnvVarsInLog = 0;
		};
		C6CFD87EF1F4176A56AF144E /* [CP] Check Pods Manifest.lock */ = {
			isa = PBXShellScriptBuildPhase;
			buildActionMask = 2147483647;
			files = (
			);
			inputFileListPaths = (
			);
			inputPaths = (
				"${PODS_PODFILE_DIR_PATH}/Podfile.lock",
				"${PODS_ROOT}/Manifest.lock",
			);
			name = "[CP] Check Pods Manifest.lock";
			outputFileListPaths = (
			);
			outputPaths = (
				"$(DERIVED_FILE_DIR)/Pods-Hackathon-checkManifestLockResult.txt",
			);
			runOnlyForDeploymentPostprocessing = 0;
			shellPath = /bin/sh;
			shellScript = "diff \"${PODS_PODFILE_DIR_PATH}/Podfile.lock\" \"${PODS_ROOT}/Manifest.lock\" > /dev/null\nif [ $? != 0 ] ; then\n    # print error to STDERR\n    echo \"error: The sandbox is not in sync with the Podfile.lock. Run 'pod install' or update your CocoaPods installation.\" >&2\n    exit 1\nfi\n# This output is used by Xcode 'outputs' to avoid re-running this script phase.\necho \"SUCCESS\" > \"${SCRIPT_OUTPUT_FILE_0}\"\n";
			showEnvVarsInLog = 0;
		};
		DF2E45BBD6018DED6C1734DE /* [CP] Embed Pods Frameworks */ = {
			isa = PBXShellScriptBuildPhase;
			buildActionMask = 2147483647;
			files = (
			);
			inputFileListPaths = (
				"${PODS_ROOT}/Target Support Files/Pods-Hackathon-HackathonUITests/Pods-Hackathon-HackathonUITests-frameworks-${CONFIGURATION}-input-files.xcfilelist",
			);
			name = "[CP] Embed Pods Frameworks";
			outputFileListPaths = (
				"${PODS_ROOT}/Target Support Files/Pods-Hackathon-HackathonUITests/Pods-Hackathon-HackathonUITests-frameworks-${CONFIGURATION}-output-files.xcfilelist",
			);
			runOnlyForDeploymentPostprocessing = 0;
			shellPath = /bin/sh;
			shellScript = "\"${PODS_ROOT}/Target Support Files/Pods-Hackathon-HackathonUITests/Pods-Hackathon-HackathonUITests-frameworks.sh\"\n";
			showEnvVarsInLog = 0;
		};
/* End PBXShellScriptBuildPhase section */

/* Begin PBXSourcesBuildPhase section */
		CD53D9C4280B7215008AF111 /* Sources */ = {
			isa = PBXSourcesBuildPhase;
			buildActionMask = 2147483647;
			files = (
				CD101841280B880700F8A4CE /* LoginViewController.swift in Sources */,
				CD53D9CC280B7215008AF111 /* AppDelegate.swift in Sources */,
				CD53D9CE280B7215008AF111 /* SceneDelegate.swift in Sources */,
				CD114308280B7DF40068947F /* HomePageController.swift in Sources */,
				CD101843280B902900F8A4CE /* SignUpViewController.swift in Sources */,
			);
			runOnlyForDeploymentPostprocessing = 0;
		};
		CD53D9DA280B7217008AF111 /* Sources */ = {
			isa = PBXSourcesBuildPhase;
			buildActionMask = 2147483647;
			files = (
				CD53D9E3280B7217008AF111 /* HackathonTests.swift in Sources */,
			);
			runOnlyForDeploymentPostprocessing = 0;
		};
		CD53D9E4280B7217008AF111 /* Sources */ = {
			isa = PBXSourcesBuildPhase;
			buildActionMask = 2147483647;
			files = (
				CD53D9EF280B7217008AF111 /* HackathonUITestsLaunchTests.swift in Sources */,
				CD53D9ED280B7217008AF111 /* HackathonUITests.swift in Sources */,
			);
			runOnlyForDeploymentPostprocessing = 0;
		};
/* End PBXSourcesBuildPhase section */

/* Begin PBXTargetDependency section */
		CD53D9E0280B7217008AF111 /* PBXTargetDependency */ = {
			isa = PBXTargetDependency;
			target = CD53D9C7280B7215008AF111 /* Hackathon */;
			targetProxy = CD53D9DF280B7217008AF111 /* PBXContainerItemProxy */;
		};
		CD53D9EA280B7217008AF111 /* PBXTargetDependency */ = {
			isa = PBXTargetDependency;
			target = CD53D9C7280B7215008AF111 /* Hackathon */;
			targetProxy = CD53D9E9280B7217008AF111 /* PBXContainerItemProxy */;
		};
/* End PBXTargetDependency section */

/* Begin PBXVariantGroup section */
		CD53D9D1280B7215008AF111 /* Main.storyboard */ = {
			isa = PBXVariantGroup;
			children = (
				CD53D9D2280B7215008AF111 /* Base */,
			);
			name = Main.storyboard;
			sourceTree = "<group>";
		};
		CD53D9D6280B7216008AF111 /* LaunchScreen.storyboard */ = {
			isa = PBXVariantGroup;
			children = (
				CD53D9D7280B7216008AF111 /* Base */,
			);
			name = LaunchScreen.storyboard;
			sourceTree = "<group>";
		};
/* End PBXVariantGroup section */

/* Begin XCBuildConfiguration section */
		CD53D9F0280B7217008AF111 /* Debug */ = {
			isa = XCBuildConfiguration;
			buildSettings = {
				ALWAYS_SEARCH_USER_PATHS = NO;
				CLANG_ANALYZER_NONNULL = YES;
				CLANG_ANALYZER_NUMBER_OBJECT_CONVERSION = YES_AGGRESSIVE;
				CLANG_CXX_LANGUAGE_STANDARD = "gnu++17";
				CLANG_ENABLE_MODULES = YES;
				CLANG_ENABLE_OBJC_ARC = YES;
				CLANG_ENABLE_OBJC_WEAK = YES;
				CLANG_WARN_BLOCK_CAPTURE_AUTORELEASING = YES;
				CLANG_WARN_BOOL_CONVERSION = YES;
				CLANG_WARN_COMMA = YES;
				CLANG_WARN_CONSTANT_CONVERSION = YES;
				CLANG_WARN_DEPRECATED_OBJC_IMPLEMENTATIONS = YES;
				CLANG_WARN_DIRECT_OBJC_ISA_USAGE = YES_ERROR;
				CLANG_WARN_DOCUMENTATION_COMMENTS = YES;
				CLANG_WARN_EMPTY_BODY = YES;
				CLANG_WARN_ENUM_CONVERSION = YES;
				CLANG_WARN_INFINITE_RECURSION = YES;
				CLANG_WARN_INT_CONVERSION = YES;
				CLANG_WARN_NON_LITERAL_NULL_CONVERSION = YES;
				CLANG_WARN_OBJC_IMPLICIT_RETAIN_SELF = YES;
				CLANG_WARN_OBJC_LITERAL_CONVERSION = YES;
				CLANG_WARN_OBJC_ROOT_CLASS = YES_ERROR;
				CLANG_WARN_QUOTED_INCLUDE_IN_FRAMEWORK_HEADER = YES;
				CLANG_WARN_RANGE_LOOP_ANALYSIS = YES;
				CLANG_WARN_STRICT_PROTOTYPES = YES;
				CLANG_WARN_SUSPICIOUS_MOVE = YES;
				CLANG_WARN_UNGUARDED_AVAILABILITY = YES_AGGRESSIVE;
				CLANG_WARN_UNREACHABLE_CODE = YES;
				CLANG_WARN__DUPLICATE_METHOD_MATCH = YES;
				COPY_PHASE_STRIP = NO;
				DEBUG_INFORMATION_FORMAT = dwarf;
				ENABLE_STRICT_OBJC_MSGSEND = YES;
				ENABLE_TESTABILITY = YES;
				GCC_C_LANGUAGE_STANDARD = gnu11;
				GCC_DYNAMIC_NO_PIC = NO;
				GCC_NO_COMMON_BLOCKS = YES;
				GCC_OPTIMIZATION_LEVEL = 0;
				GCC_PREPROCESSOR_DEFINITIONS = (
					"DEBUG=1",
					"$(inherited)",
				);
				GCC_WARN_64_TO_32_BIT_CONVERSION = YES;
				GCC_WARN_ABOUT_RETURN_TYPE = YES_ERROR;
				GCC_WARN_UNDECLARED_SELECTOR = YES;
				GCC_WARN_UNINITIALIZED_AUTOS = YES_AGGRESSIVE;
				GCC_WARN_UNUSED_FUNCTION = YES;
				GCC_WARN_UNUSED_VARIABLE = YES;
				IPHONEOS_DEPLOYMENT_TARGET = 15.4;
				MTL_ENABLE_DEBUG_INFO = INCLUDE_SOURCE;
				MTL_FAST_MATH = YES;
				ONLY_ACTIVE_ARCH = YES;
				SDKROOT = iphoneos;
				SWIFT_ACTIVE_COMPILATION_CONDITIONS = DEBUG;
				SWIFT_OPTIMIZATION_LEVEL = "-Onone";
			};
			name = Debug;
		};
		CD53D9F1280B7217008AF111 /* Release */ = {
			isa = XCBuildConfiguration;
			buildSettings = {
				ALWAYS_SEARCH_USER_PATHS = NO;
				CLANG_ANALYZER_NONNULL = YES;
				CLANG_ANALYZER_NUMBER_OBJECT_CONVERSION = YES_AGGRESSIVE;
				CLANG_CXX_LANGUAGE_STANDARD = "gnu++17";
				CLANG_ENABLE_MODULES = YES;
				CLANG_ENABLE_OBJC_ARC = YES;
				CLANG_ENABLE_OBJC_WEAK = YES;
				CLANG_WARN_BLOCK_CAPTURE_AUTORELEASING = YES;
				CLANG_WARN_BOOL_CONVERSION = YES;
				CLANG_WARN_COMMA = YES;
				CLANG_WARN_CONSTANT_CONVERSION = YES;
				CLANG_WARN_DEPRECATED_OBJC_IMPLEMENTATIONS = YES;
				CLANG_WARN_DIRECT_OBJC_ISA_USAGE = YES_ERROR;
				CLANG_WARN_DOCUMENTATION_COMMENTS = YES;
				CLANG_WARN_EMPTY_BODY = YES;
				CLANG_WARN_ENUM_CONVERSION = YES;
				CLANG_WARN_INFINITE_RECURSION = YES;
				CLANG_WARN_INT_CONVERSION = YES;
				CLANG_WARN_NON_LITERAL_NULL_CONVERSION = YES;
				CLANG_WARN_OBJC_IMPLICIT_RETAIN_SELF = YES;
				CLANG_WARN_OBJC_LITERAL_CONVERSION = YES;
				CLANG_WARN_OBJC_ROOT_CLASS = YES_ERROR;
				CLANG_WARN_QUOTED_INCLUDE_IN_FRAMEWORK_HEADER = YES;
				CLANG_WARN_RANGE_LOOP_ANALYSIS = YES;
				CLANG_WARN_STRICT_PROTOTYPES = YES;
				CLANG_WARN_SUSPICIOUS_MOVE = YES;
				CLANG_WARN_UNGUARDED_AVAILABILITY = YES_AGGRESSIVE;
				CLANG_WARN_UNREACHABLE_CODE = YES;
				CLANG_WARN__DUPLICATE_METHOD_MATCH = YES;
				COPY_PHASE_STRIP = NO;
				DEBUG_INFORMATION_FORMAT = "dwarf-with-dsym";
				ENABLE_NS_ASSERTIONS = NO;
				ENABLE_STRICT_OBJC_MSGSEND = YES;
				GCC_C_LANGUAGE_STANDARD = gnu11;
				GCC_NO_COMMON_BLOCKS = YES;
				GCC_WARN_64_TO_32_BIT_CONVERSION = YES;
				GCC_WARN_ABOUT_RETURN_TYPE = YES_ERROR;
				GCC_WARN_UNDECLARED_SELECTOR = YES;
				GCC_WARN_UNINITIALIZED_AUTOS = YES_AGGRESSIVE;
				GCC_WARN_UNUSED_FUNCTION = YES;
				GCC_WARN_UNUSED_VARIABLE = YES;
				IPHONEOS_DEPLOYMENT_TARGET = 15.4;
				MTL_ENABLE_DEBUG_INFO = NO;
				MTL_FAST_MATH = YES;
				SDKROOT = iphoneos;
				SWIFT_COMPILATION_MODE = wholemodule;
				SWIFT_OPTIMIZATION_LEVEL = "-O";
				VALIDATE_PRODUCT = YES;
			};
			name = Release;
		};
		CD53D9F3280B7217008AF111 /* Debug */ = {
			isa = XCBuildConfiguration;
			baseConfigurationReference = CDCB29B1D82E8685C4ACB783 /* Pods-Hackathon.debug.xcconfig */;
			buildSettings = {
				ASSETCATALOG_COMPILER_APPICON_NAME = AppIcon;
				ASSETCATALOG_COMPILER_GLOBAL_ACCENT_COLOR_NAME = AccentColor;
				CODE_SIGN_STYLE = Automatic;
				CURRENT_PROJECT_VERSION = 1;
				DEVELOPMENT_TEAM = R929ZACJBD;
				GENERATE_INFOPLIST_FILE = YES;
				INFOPLIST_FILE = Hackathon/Info.plist;
				INFOPLIST_KEY_UIApplicationSupportsIndirectInputEvents = YES;
				INFOPLIST_KEY_UILaunchStoryboardName = LaunchScreen;
				INFOPLIST_KEY_UIMainStoryboardFile = Main;
				INFOPLIST_KEY_UISupportedInterfaceOrientations_iPad = "UIInterfaceOrientationPortrait UIInterfaceOrientationPortraitUpsideDown UIInterfaceOrientationLandscapeLeft UIInterfaceOrientationLandscapeRight";
				INFOPLIST_KEY_UISupportedInterfaceOrientations_iPhone = "UIInterfaceOrientationPortrait UIInterfaceOrientationLandscapeLeft UIInterfaceOrientationLandscapeRight";
				LD_RUNPATH_SEARCH_PATHS = (
					"$(inherited)",
					"@executable_path/Frameworks",
				);
				MARKETING_VERSION = 1.0;
				PRODUCT_BUNDLE_IDENTIFIER = antonio.Hackathon;
				PRODUCT_NAME = "$(TARGET_NAME)";
				SWIFT_EMIT_LOC_STRINGS = YES;
				SWIFT_VERSION = 5.0;
				TARGETED_DEVICE_FAMILY = "1,2";
			};
			name = Debug;
		};
		CD53D9F4280B7217008AF111 /* Release */ = {
			isa = XCBuildConfiguration;
			baseConfigurationReference = 09631994430F3A8C0442B9FC /* Pods-Hackathon.release.xcconfig */;
			buildSettings = {
				ASSETCATALOG_COMPILER_APPICON_NAME = AppIcon;
				ASSETCATALOG_COMPILER_GLOBAL_ACCENT_COLOR_NAME = AccentColor;
				CODE_SIGN_STYLE = Automatic;
				CURRENT_PROJECT_VERSION = 1;
				DEVELOPMENT_TEAM = R929ZACJBD;
				GENERATE_INFOPLIST_FILE = YES;
				INFOPLIST_FILE = Hackathon/Info.plist;
				INFOPLIST_KEY_UIApplicationSupportsIndirectInputEvents = YES;
				INFOPLIST_KEY_UILaunchStoryboardName = LaunchScreen;
				INFOPLIST_KEY_UIMainStoryboardFile = Main;
				INFOPLIST_KEY_UISupportedInterfaceOrientations_iPad = "UIInterfaceOrientationPortrait UIInterfaceOrientationPortraitUpsideDown UIInterfaceOrientationLandscapeLeft UIInterfaceOrientationLandscapeRight";
				INFOPLIST_KEY_UISupportedInterfaceOrientations_iPhone = "UIInterfaceOrientationPortrait UIInterfaceOrientationLandscapeLeft UIInterfaceOrientationLandscapeRight";
				LD_RUNPATH_SEARCH_PATHS = (
					"$(inherited)",
					"@executable_path/Frameworks",
				);
				MARKETING_VERSION = 1.0;
				PRODUCT_BUNDLE_IDENTIFIER = antonio.Hackathon;
				PRODUCT_NAME = "$(TARGET_NAME)";
				SWIFT_EMIT_LOC_STRINGS = YES;
				SWIFT_VERSION = 5.0;
				TARGETED_DEVICE_FAMILY = "1,2";
			};
			name = Release;
		};
		CD53D9F6280B7217008AF111 /* Debug */ = {
			isa = XCBuildConfiguration;
			baseConfigurationReference = 0A95FBAF155F20183D57685B /* Pods-HackathonTests.debug.xcconfig */;
			buildSettings = {
				ALWAYS_EMBED_SWIFT_STANDARD_LIBRARIES = YES;
				BUNDLE_LOADER = "$(TEST_HOST)";
				CODE_SIGN_STYLE = Automatic;
				CURRENT_PROJECT_VERSION = 1;
				DEVELOPMENT_TEAM = R929ZACJBD;
				GENERATE_INFOPLIST_FILE = YES;
				IPHONEOS_DEPLOYMENT_TARGET = 15.4;
				MARKETING_VERSION = 1.0;
				PRODUCT_BUNDLE_IDENTIFIER = antonio.HackathonTests;
				PRODUCT_NAME = "$(TARGET_NAME)";
				SWIFT_EMIT_LOC_STRINGS = NO;
				SWIFT_VERSION = 5.0;
				TARGETED_DEVICE_FAMILY = "1,2";
				TEST_HOST = "$(BUILT_PRODUCTS_DIR)/Hackathon.app/Hackathon";
			};
			name = Debug;
		};
		CD53D9F7280B7217008AF111 /* Release */ = {
			isa = XCBuildConfiguration;
			baseConfigurationReference = 66638A9FDE05F377BE356BC4 /* Pods-HackathonTests.release.xcconfig */;
			buildSettings = {
				ALWAYS_EMBED_SWIFT_STANDARD_LIBRARIES = YES;
				BUNDLE_LOADER = "$(TEST_HOST)";
				CODE_SIGN_STYLE = Automatic;
				CURRENT_PROJECT_VERSION = 1;
				DEVELOPMENT_TEAM = R929ZACJBD;
				GENERATE_INFOPLIST_FILE = YES;
				IPHONEOS_DEPLOYMENT_TARGET = 15.4;
				MARKETING_VERSION = 1.0;
				PRODUCT_BUNDLE_IDENTIFIER = antonio.HackathonTests;
				PRODUCT_NAME = "$(TARGET_NAME)";
				SWIFT_EMIT_LOC_STRINGS = NO;
				SWIFT_VERSION = 5.0;
				TARGETED_DEVICE_FAMILY = "1,2";
				TEST_HOST = "$(BUILT_PRODUCTS_DIR)/Hackathon.app/Hackathon";
			};
			name = Release;
		};
		CD53D9F9280B7217008AF111 /* Debug */ = {
			isa = XCBuildConfiguration;
			baseConfigurationReference = 9723492323039840127E3F6A /* Pods-Hackathon-HackathonUITests.debug.xcconfig */;
			buildSettings = {
				ALWAYS_EMBED_SWIFT_STANDARD_LIBRARIES = YES;
				CODE_SIGN_STYLE = Automatic;
				CURRENT_PROJECT_VERSION = 1;
				DEVELOPMENT_TEAM = R929ZACJBD;
				GENERATE_INFOPLIST_FILE = YES;
				MARKETING_VERSION = 1.0;
				PRODUCT_BUNDLE_IDENTIFIER = antonio.HackathonUITests;
				PRODUCT_NAME = "$(TARGET_NAME)";
				SWIFT_EMIT_LOC_STRINGS = NO;
				SWIFT_VERSION = 5.0;
				TARGETED_DEVICE_FAMILY = "1,2";
				TEST_TARGET_NAME = Hackathon;
			};
			name = Debug;
		};
		CD53D9FA280B7217008AF111 /* Release */ = {
			isa = XCBuildConfiguration;
			baseConfigurationReference = 9FF7E28B0135676EAD4146BA /* Pods-Hackathon-HackathonUITests.release.xcconfig */;
			buildSettings = {
				ALWAYS_EMBED_SWIFT_STANDARD_LIBRARIES = YES;
				CODE_SIGN_STYLE = Automatic;
				CURRENT_PROJECT_VERSION = 1;
				DEVELOPMENT_TEAM = R929ZACJBD;
				GENERATE_INFOPLIST_FILE = YES;
				MARKETING_VERSION = 1.0;
				PRODUCT_BUNDLE_IDENTIFIER = antonio.HackathonUITests;
				PRODUCT_NAME = "$(TARGET_NAME)";
				SWIFT_EMIT_LOC_STRINGS = NO;
				SWIFT_VERSION = 5.0;
				TARGETED_DEVICE_FAMILY = "1,2";
				TEST_TARGET_NAME = Hackathon;
			};
			name = Release;
		};
/* End XCBuildConfiguration section */

/* Begin XCConfigurationList section */
		CD53D9C3280B7214008AF111 /* Build configuration list for PBXProject "Hackathon" */ = {
			isa = XCConfigurationList;
			buildConfigurations = (
				CD53D9F0280B7217008AF111 /* Debug */,
				CD53D9F1280B7217008AF111 /* Release */,
			);
			defaultConfigurationIsVisible = 0;
			defaultConfigurationName = Release;
		};
		CD53D9F2280B7217008AF111 /* Build configuration list for PBXNativeTarget "Hackathon" */ = {
			isa = XCConfigurationList;
			buildConfigurations = (
				CD53D9F3280B7217008AF111 /* Debug */,
				CD53D9F4280B7217008AF111 /* Release */,
			);
			defaultConfigurationIsVisible = 0;
			defaultConfigurationName = Release;
		};
		CD53D9F5280B7217008AF111 /* Build configuration list for PBXNativeTarget "HackathonTests" */ = {
			isa = XCConfigurationList;
			buildConfigurations = (
				CD53D9F6280B7217008AF111 /* Debug */,
				CD53D9F7280B7217008AF111 /* Release */,
			);
			defaultConfigurationIsVisible = 0;
			defaultConfigurationName = Release;
		};
		CD53D9F8280B7217008AF111 /* Build configuration list for PBXNativeTarget "HackathonUITests" */ = {
			isa = XCConfigurationList;
			buildConfigurations = (
				CD53D9F9280B7217008AF111 /* Debug */,
				CD53D9FA280B7217008AF111 /* Release */,
			);
			defaultConfigurationIsVisible = 0;
			defaultConfigurationName = Release;
		};
/* End XCConfigurationList section */
	};
	rootObject = CD53D9C0280B7214008AF111 /* Project object */;
}
